
Microsoft Visual Studio Solution File, Format Version 12.00
# Visual Studio Version 17
VisualStudioVersion = 17.2.32616.157
MinimumVisualStudioVersion = 10.0.40219.1
Project("{FAE04EC0-301F-11D3-BF4B-00C04F79EFBC}") = "LabWork4", "LabWork4\LabWork4.csproj", "{D362F378-4A65-4812-A283-5BB1A2A5EBA5}"
EndProject
Global
	GlobalSection(SolutionConfigurationPlatforms) = preSolution
		Debug|Any CPU = Debug|Any CPU
		Release|Any CPU = Release|Any CPU
	EndGlobalSection
	GlobalSection(ProjectConfigurationPlatforms) = postSolution
		{D362F378-4A65-4812-A283-5BB1A2A5EBA5}.Debug|Any CPU.ActiveCfg = Debug|Any CPU
		{D362F378-4A65-4812-A283-5BB1A2A5EBA5}.Debug|Any CPU.Build.0 = Debug|Any CPU
		{D362F378-4A65-4812-A283-5BB1A2A5EBA5}.Release|Any CPU.ActiveCfg = Release|Any CPU
		{D362F378-4A65-4812-A283-5BB1A2A5EBA5}.Release|Any CPU.Build.0 = Release|Any CPU
	EndGlobalSection
	GlobalSection(SolutionProperties) = preSolution
		HideSolutionNode = FALSE
	EndGlobalSection
	GlobalSection(ExtensibilityGlobals) = postSolution
		SolutionGuid = {134C511A-6A86-4EEA-A085-331902369041}
	EndGlobalSection
EndGlobal
