
Microsoft Visual Studio Solution File, Format Version 12.00
# Visual Studio Version 17
VisualStudioVersion = 17.2.32616.157
MinimumVisualStudioVersion = 10.0.40219.1
Project("{FAE04EC0-301F-11D3-BF4B-00C04F79EFBC}") = "LabWork3", "LabWork3\LabWork3.csproj", "{917C85AD-B256-4388-AE3E-07178D644884}"
EndProject
Global
	GlobalSection(SolutionConfigurationPlatforms) = preSolution
		Debug|Any CPU = Debug|Any CPU
		Release|Any CPU = Release|Any CPU
	EndGlobalSection
	GlobalSection(ProjectConfigurationPlatforms) = postSolution
		{917C85AD-B256-4388-AE3E-07178D644884}.Debug|Any CPU.ActiveCfg = Debug|Any CPU
		{917C85AD-B256-4388-AE3E-07178D644884}.Debug|Any CPU.Build.0 = Debug|Any CPU
		{917C85AD-B256-4388-AE3E-07178D644884}.Release|Any CPU.ActiveCfg = Release|Any CPU
		{917C85AD-B256-4388-AE3E-07178D644884}.Release|Any CPU.Build.0 = Release|Any CPU
	EndGlobalSection
	GlobalSection(SolutionProperties) = preSolution
		HideSolutionNode = FALSE
	EndGlobalSection
	GlobalSection(ExtensibilityGlobals) = postSolution
		SolutionGuid = {332FE05C-C128-493D-B76D-FDB4589D421C}
	EndGlobalSection
EndGlobal
