<?xml version="1.0" encoding="utf-8"?>
<Project ToolsVersion="4.0" xmlns="http://schemas.microsoft.com/developer/msbuild/2003">
  <ItemGroup>
    <Filter Include="Исходные файлы">
      <UniqueIdentifier>{4FC737F1-C7A5-4376-A066-2A32D752A2FF}</UniqueIdentifier>
      <Extensions>cpp;c;cc;cxx;c++;cppm;ixx;def;odl;idl;hpj;bat;asm;asmx</Extensions>
    </Filter>
    <Filter Include="Файлы заголовков">
      <UniqueIdentifier>{93995380-89BD-4b04-88EB-625FBE52EBFB}</UniqueIdentifier>
      <Extensions>h;hh;hpp;hxx;h++;hm;inl;inc;ipp;xsd</Extensions>
    </Filter>
    <Filter Include="Файлы ресурсов">
      <UniqueIdentifier>{67DA6AB6-F800-4c08-8B7A-83BB121AAD01}</UniqueIdentifier>
      <Extensions>rc;ico;cur;bmp;dlg;rc2;rct;bin;rgs;gif;jpg;jpeg;jpe;resx;tiff;tif;png;wav;mfcribbon-ms</Extensions>
    </Filter>
    <Filter Include="Файлы заголовков\Company">
      <UniqueIdentifier>{50e16e83-c917-4768-b89f-e3e4112bbf16}</UniqueIdentifier>
    </Filter>
    <Filter Include="Исходные файлы\Company">
      <UniqueIdentifier>{3baf6f77-5862-4b08-a787-dfe0e498ff13}</UniqueIdentifier>
    </Filter>
    <Filter Include="Исходные файлы\Company\Stops">
      <UniqueIdentifier>{e0b5d740-df3b-4a2c-9387-b3a84d35be1b}</UniqueIdentifier>
    </Filter>
    <Filter Include="Файлы заголовков\Company\Transport">
      <UniqueIdentifier>{f7002f0a-c8a7-46c3-a608-746c0f9cbffa}</UniqueIdentifier>
    </Filter>
    <Filter Include="Файлы заголовков\Company\Stops">
      <UniqueIdentifier>{0709f9be-26a7-4d39-a920-aecd8e56c7a3}</UniqueIdentifier>
    </Filter>
    <Filter Include="Файлы заголовков\Exeptions">
      <UniqueIdentifier>{a8a38691-5b5f-46b9-a602-12bd38fb5b16}</UniqueIdentifier>
    </Filter>
    <Filter Include="Исходные файлы\Company\Transport">
      <UniqueIdentifier>{50994fda-1dc7-455f-87a9-89b8d3ea6ac9}</UniqueIdentifier>
    </Filter>
    <Filter Include="Исходные файлы\Other">
      <UniqueIdentifier>{c2665a89-d734-4c14-9700-93aaff526c6b}</UniqueIdentifier>
    </Filter>
    <Filter Include="Файлы заголовков\Other">
      <UniqueIdentifier>{941db9a9-6246-4cd7-9335-5845bd8f0250}</UniqueIdentifier>
    </Filter>
    <Filter Include="Файлы заголовков\Files">
      <UniqueIdentifier>{77fe6dd8-213a-43f1-9ee2-23256bdd4502}</UniqueIdentifier>
    </Filter>
  </ItemGroup>
  <ItemGroup>
    <ClInclude Include="Company.h">
      <Filter>Файлы заголовков\Company</Filter>
    </ClInclude>
    <ClInclude Include="Ground_Stops.h">
      <Filter>Файлы заголовков\Company\Stops</Filter>
    </ClInclude>
    <ClInclude Include="Stops.h">
      <Filter>Файлы заголовков\Company\Stops</Filter>
    </ClInclude>
    <ClInclude Include="Ground_Trans.h">
      <Filter>Файлы заголовков\Company\Transport</Filter>
    </ClInclude>
    <ClInclude Include="Transport.h">
      <Filter>Файлы заголовков\Company\Transport</Filter>
    </ClInclude>
    <ClInclude Include="Underground_Stops.h">
      <Filter>Файлы заголовков\Company\Stops</Filter>
    </ClInclude>
    <ClInclude Include="Underground_Trans.h">
      <Filter>Файлы заголовков\Company\Transport</Filter>
    </ClInclude>
    <ClInclude Include="File.h">
      <Filter>Файлы заголовков\Files</Filter>
    </ClInclude>
    <ClInclude Include="Text_File.h">
      <Filter>Файлы заголовков\Files</Filter>
    </ClInclude>
    <ClInclude Include="Header.h">
      <Filter>Файлы заголовков\Other</Filter>
    </ClInclude>
    <ClInclude Include="Interface.h">
      <Filter>Файлы заголовков\Other</Filter>
    </ClInclude>
    <ClInclude Include="Template.h">
      <Filter>Файлы заголовков\Other</Filter>
    </ClInclude>
    <ClInclude Include="Time.h">
      <Filter>Файлы заголовков\Other</Filter>
    </ClInclude>
    <ClInclude Include="Iterator.h">
      <Filter>Файлы заголовков\Other</Filter>
    </ClInclude>
    <ClInclude Include="Keys.h">
      <Filter>Файлы заголовков\Other</Filter>
    </ClInclude>
    <ClInclude Include="Exceptions.h">
      <Filter>Файлы заголовков\Exeptions</Filter>
    </ClInclude>
    <ClInclude Include="File_Except.h">
      <Filter>Файлы заголовков\Exeptions</Filter>
    </ClInclude>
    <ClInclude Include="Input_Except.h">
      <Filter>Файлы заголовков\Exeptions</Filter>
    </ClInclude>
    <ClInclude Include="Search_Except.h">
      <Filter>Файлы заголовков\Exeptions</Filter>
    </ClInclude>
    <ClInclude Include="Structs.h">
      <Filter>Файлы заголовков\Other</Filter>
    </ClInclude>
  </ItemGroup>
  <ItemGroup>
    <None Include="ClassDiagram.cd" />
  </ItemGroup>
  <ItemGroup>
    <ClCompile Include="Ground_Trans.cpp">
      <Filter>Исходные файлы\Company\Transport</Filter>
    </ClCompile>
    <ClCompile Include="Transport.cpp">
      <Filter>Исходные файлы\Company\Transport</Filter>
    </ClCompile>
    <ClCompile Include="Stops.cpp">
      <Filter>Исходные файлы\Company\Stops</Filter>
    </ClCompile>
    <ClCompile Include="Underground_Trans.cpp">
      <Filter>Исходные файлы\Company\Transport</Filter>
    </ClCompile>
    <ClCompile Include="Ground_Stops.cpp">
      <Filter>Исходные файлы\Company\Stops</Filter>
    </ClCompile>
    <ClCompile Include="Underground_Stops.cpp">
      <Filter>Исходные файлы\Company\Stops</Filter>
    </ClCompile>
    <ClCompile Include="Main.cpp">
      <Filter>Файлы ресурсов</Filter>
    </ClCompile>
    <ClCompile Include="Time.cpp">
      <Filter>Исходные файлы\Other</Filter>
    </ClCompile>
    <ClCompile Include="Interface.cpp">
      <Filter>Исходные файлы\Other</Filter>
    </ClCompile>
  </ItemGroup>
</Project>